// !$*UTF8*$!
{
	archiveVersion = 1;
	classes = {
	};
	objectVersion = 46;
	objects = {

/* Begin PBXBuildFile section */
		6A412D3F1DE46D550068AA36 /* AppDelegate.swift in Sources */ = {isa = PBXBuildFile; fileRef = 6A412D3E1DE46D550068AA36 /* AppDelegate.swift */; };
		6A412D411DE46D550068AA36 /* ViewController.swift in Sources */ = {isa = PBXBuildFile; fileRef = 6A412D401DE46D550068AA36 /* ViewController.swift */; };
		6A412D441DE46D550068AA36 /* Main.storyboard in Resources */ = {isa = PBXBuildFile; fileRef = 6A412D421DE46D550068AA36 /* Main.storyboard */; };
		6A412D461DE46D550068AA36 /* Assets.xcassets in Resources */ = {isa = PBXBuildFile; fileRef = 6A412D451DE46D550068AA36 /* Assets.xcassets */; };
		6A412D491DE46D550068AA36 /* LaunchScreen.storyboard in Resources */ = {isa = PBXBuildFile; fileRef = 6A412D471DE46D550068AA36 /* LaunchScreen.storyboard */; };
		6A412D511DE46D730068AA36 /* ParalloxView.swift in Sources */ = {isa = PBXBuildFile; fileRef = 6A412D501DE46D730068AA36 /* ParalloxView.swift */; };
		6A412D531DE472410068AA36 /* ParalloxView.xib in Resources */ = {isa = PBXBuildFile; fileRef = 6A412D521DE472410068AA36 /* ParalloxView.xib */; };
/* End PBXBuildFile section */

/* Begin PBXFileReference section */
		6A412D3B1DE46D540068AA36 /* ParalloxEffectSample.app */ = {isa = PBXFileReference; explicitFileType = wrapper.application; includeInIndex = 0; path = ParalloxEffectSample.app; sourceTree = BUILT_PRODUCTS_DIR; };
		6A412D3E1DE46D550068AA36 /* AppDelegate.swift */ = {isa = PBXFileReference; lastKnownFileType = sourcecode.swift; path = AppDelegate.swift; sourceTree = "<group>"; };
		6A412D401DE46D550068AA36 /* ViewController.swift */ = {isa = PBXFileReference; lastKnownFileType = sourcecode.swift; path = ViewController.swift; sourceTree = "<group>"; };
		6A412D431DE46D550068AA36 /* Base */ = {isa = PBXFileReference; lastKnownFileType = file.storyboard; name = Base; path = Base.lproj/Main.storyboard; sourceTree = "<group>"; };
		6A412D451DE46D550068AA36 /* Assets.xcassets */ = {isa = PBXFileReference; lastKnownFileType = folder.assetcatalog; path = Assets.xcassets; sourceTree = "<group>"; };
		6A412D481DE46D550068AA36 /* Base */ = {isa = PBXFileReference; lastKnownFileType = file.storyboard; name = Base; path = Base.lproj/LaunchScreen.storyboard; sourceTree = "<group>"; };
		6A412D4A1DE46D550068AA36 /* Info.plist */ = {isa = PBXFileReference; lastKnownFileType = text.plist.xml; path = Info.plist; sourceTree = "<group>"; };
		6A412D501DE46D730068AA36 /* ParalloxView.swift */ = {isa = PBXFileReference; fileEncoding = 4; lastKnownFileType = sourcecode.swift; path = ParalloxView.swift; sourceTree = "<group>"; };
		6A412D521DE472410068AA36 /* ParalloxView.xib */ = {isa = PBXFileReference; fileEncoding = 4; lastKnownFileType = file.xib; path = ParalloxView.xib; sourceTree = "<group>"; };
/* End PBXFileReference section */

/* Begin PBXFrameworksBuildPhase section */
		6A412D381DE46D540068AA36 /* Frameworks */ = {
			isa = PBXFrameworksBuildPhase;
			buildActionMask = 2147483647;
			files = (
			);
			runOnlyForDeploymentPostprocessing = 0;
		};
/* End PBXFrameworksBuildPhase section */

/* Begin PBXGroup section */
		6A412D321DE46D540068AA36 = {
			isa = PBXGroup;
			children = (
				6A412D3D1DE46D540068AA36 /* ParalloxEffectSample */,
				6A412D3C1DE46D540068AA36 /* Products */,
			);
			sourceTree = "<group>";
		};
		6A412D3C1DE46D540068AA36 /* Products */ = {
			isa = PBXGroup;
			children = (
				6A412D3B1DE46D540068AA36 /* ParalloxEffectSample.app */,
			);
			name = Products;
			sourceTree = "<group>";
		};
		6A412D3D1DE46D540068AA36 /* ParalloxEffectSample */ = {
			isa = PBXGroup;
			children = (
				6A412D3E1DE46D550068AA36 /* AppDelegate.swift */,
				6A412D401DE46D550068AA36 /* ViewController.swift */,
				6A412D421DE46D550068AA36 /* Main.storyboard */,
				6A412D451DE46D550068AA36 /* Assets.xcassets */,
				6A412D471DE46D550068AA36 /* LaunchScreen.storyboard */,
				6A412D4A1DE46D550068AA36 /* Info.plist */,
				6A412D501DE46D730068AA36 /* ParalloxView.swift */,
				6A412D521DE472410068AA36 /* ParalloxView.xib */,
			);
			path = ParalloxEffectSample;
			sourceTree = "<group>";
		};
/* End PBXGroup section */

/* Begin PBXNativeTarget section */
		6A412D3A1DE46D540068AA36 /* ParalloxEffectSample */ = {
			isa = PBXNativeTarget;
			buildConfigurationList = 6A412D4D1DE46D550068AA36 /* Build configuration list for PBXNativeTarget "ParalloxEffectSample" */;
			buildPhases = (
				6A412D371DE46D540068AA36 /* Sources */,
				6A412D381DE46D540068AA36 /* Frameworks */,
				6A412D391DE46D540068AA36 /* Resources */,
			);
			buildRules = (
			);
			dependencies = (
			);
			name = ParalloxEffectSample;
			productName = ParalloxEffectSample;
			productReference = 6A412D3B1DE46D540068AA36 /* ParalloxEffectSample.app */;
			productType = "com.apple.product-type.application";
		};
/* End PBXNativeTarget section */

/* Begin PBXProject section */
		6A412D331DE46D540068AA36 /* Project object */ = {
			isa = PBXProject;
			attributes = {
				LastSwiftUpdateCheck = 0800;
				LastUpgradeCheck = 0800;
				ORGANIZATIONNAME = Muthuraj;
				TargetAttributes = {
					6A412D3A1DE46D540068AA36 = {
						CreatedOnToolsVersion = 8.0;
						ProvisioningStyle = Automatic;
					};
				};
			};
			buildConfigurationList = 6A412D361DE46D540068AA36 /* Build configuration list for PBXProject "ParalloxEffectSample" */;
			compatibilityVersion = "Xcode 3.2";
			developmentRegion = English;
			hasScannedForEncodings = 0;
			knownRegions = (
				en,
				Base,
			);
			mainGroup = 6A412D321DE46D540068AA36;
			productRefGroup = 6A412D3C1DE46D540068AA36 /* Products */;
			projectDirPath = "";
			projectRoot = "";
			targets = (
				6A412D3A1DE46D540068AA36 /* ParalloxEffectSample */,
			);
		};
/* End PBXProject section */

/* Begin PBXResourcesBuildPhase section */
		6A412D391DE46D540068AA36 /* Resources */ = {
			isa = PBXResourcesBuildPhase;
			buildActionMask = 2147483647;
			files = (
				6A412D491DE46D550068AA36 /* LaunchScreen.storyboard in Resources */,
				6A412D461DE46D550068AA36 /* Assets.xcassets in Resources */,
				6A412D441DE46D550068AA36 /* Main.storyboard in Resources */,
				6A412D531DE472410068AA36 /* ParalloxView.xib in Resources */,
			);
			runOnlyForDeploymentPostprocessing = 0;
		};
/* End PBXResourcesBuildPhase section */

/* Begin PBXSourcesBuildPhase section */
		6A412D371DE46D540068AA36 /* Sources */ = {
			isa = PBXSourcesBuildPhase;
			buildActionMask = 2147483647;
			files = (
				6A412D511DE46D730068AA36 /* ParalloxView.swift in Sources */,
				6A412D411DE46D550068AA36 /* ViewController.swift in Sources */,
				6A412D3F1DE46D550068AA36 /* AppDelegate.swift in Sources */,
			);
			runOnlyForDeploymentPostprocessing = 0;
		};
/* End PBXSourcesBuildPhase section */

/* Begin PBXVariantGroup section */
		6A412D421DE46D550068AA36 /* Main.storyboard */ = {
			isa = PBXVariantGroup;
			children = (
				6A412D431DE46D550068AA36 /* Base */,
			);
			name = Main.storyboard;
			sourceTree = "<group>";
		};
		6A412D471DE46D550068AA36 /* LaunchScreen.storyboard */ = {
			isa = PBXVariantGroup;
			children = (
				6A412D481DE46D550068AA36 /* Base */,
			);
			name = LaunchScreen.storyboard;
			sourceTree = "<group>";
		};
/* End PBXVariantGroup section */

/* Begin XCBuildConfiguration section */
		6A412D4B1DE46D550068AA36 /* Debug */ = {
			isa = XCBuildConfiguration;
			buildSettings = {
				ALWAYS_SEARCH_USER_PATHS = NO;
				CLANG_ANALYZER_NONNULL = YES;
				CLANG_CXX_LANGUAGE_STANDARD = "gnu++0x";
				CLANG_CXX_LIBRARY = "libc++";
				CLANG_ENABLE_MODULES = YES;
				CLANG_ENABLE_OBJC_ARC = YES;
				CLANG_WARN_BOOL_CONVERSION = YES;
				CLANG_WARN_CONSTANT_CONVERSION = YES;
				CLANG_WARN_DIRECT_OBJC_ISA_USAGE = YES_ERROR;
				CLANG_WARN_DOCUMENTATION_COMMENTS = YES;
				CLANG_WARN_EMPTY_BODY = YES;
				CLANG_WARN_ENUM_CONVERSION = YES;
				CLANG_WARN_INFINITE_RECURSION = YES;
				CLANG_WARN_INT_CONVERSION = YES;
				CLANG_WARN_OBJC_ROOT_CLASS = YES_ERROR;
				CLANG_WARN_SUSPICIOUS_MOVES = YES;
				CLANG_WARN_UNREACHABLE_CODE = YES;
				CLANG_WARN__DUPLICATE_METHOD_MATCH = YES;
				"CODE_SIGN_IDENTITY[sdk=iphoneos*]" = "iPhone Developer";
				COPY_PHASE_STRIP = NO;
				DEBUG_INFORMATION_FORMAT = dwarf;
				ENABLE_STRICT_OBJC_MSGSEND = YES;
				ENABLE_TESTABILITY = YES;
				GCC_C_LANGUAGE_STANDARD = gnu99;
				GCC_DYNAMIC_NO_PIC = NO;
				GCC_NO_COMMON_BLOCKS = YES;
				GCC_OPTIMIZATION_LEVEL = 0;
				GCC_PREPROCESSOR_DEFINITIONS = (
					"DEBUG=1",
					"$(inherited)",
				);
				GCC_WARN_64_TO_32_BIT_CONVERSION = YES;
				GCC_WARN_ABOUT_RETURN_TYPE = YES_ERROR;
				GCC_WARN_UNDECLARED_SELECTOR = YES;
				GCC_WARN_UNINITIALIZED_AUTOS = YES_AGGRESSIVE;
				GCC_WARN_UNUSED_FUNCTION = YES;
				GCC_WARN_UNUSED_VARIABLE = YES;
				IPHONEOS_DEPLOYMENT_TARGET = 10.0;
				MTL_ENABLE_DEBUG_INFO = YES;
				ONLY_ACTIVE_ARCH = YES;
				SDKROOT = iphoneos;
				SWIFT_ACTIVE_COMPILATION_CONDITIONS = DEBUG;
				SWIFT_OPTIMIZATION_LEVEL = "-Onone";
			};
			name = Debug;
		};
		6A412D4C1DE46D550068AA36 /* Release */ = {
			isa = XCBuildConfiguration;
			buildSettings = {
				ALWAYS_SEARCH_USER_PATHS = NO;
				CLANG_ANALYZER_NONNULL = YES;
				CLANG_CXX_LANGUAGE_STANDARD = "gnu++0x";
				CLANG_CXX_LIBRARY = "libc++";
				CLANG_ENABLE_MODULES = YES;
				CLANG_ENABLE_OBJC_ARC = YES;
				CLANG_WARN_BOOL_CONVERSION = YES;
				CLANG_WARN_CONSTANT_CONVERSION = YES;
				CLANG_WARN_DIRECT_OBJC_ISA_USAGE = YES_ERROR;
				CLANG_WARN_DOCUMENTATION_COMMENTS = YES;
				CLANG_WARN_EMPTY_BODY = YES;
				CLANG_WARN_ENUM_CONVERSION = YES;
				CLANG_WARN_INFINITE_RECURSION = YES;
				CLANG_WARN_INT_CONVERSION = YES;
				CLANG_WARN_OBJC_ROOT_CLASS = YES_ERROR;
				CLANG_WARN_SUSPICIOUS_MOVES = YES;
				CLANG_WARN_UNREACHABLE_CODE = YES;
				CLANG_WARN__DUPLICATE_METHOD_MATCH = YES;
				"CODE_SIGN_IDENTITY[sdk=iphoneos*]" = "iPhone Developer";
				COPY_PHASE_STRIP = NO;
				DEBUG_INFORMATION_FORMAT = "dwarf-with-dsym";
				ENABLE_NS_ASSERTIONS = NO;
				ENABLE_STRICT_OBJC_MSGSEND = YES;
				GCC_C_LANGUAGE_STANDARD = gnu99;
				GCC_NO_COMMON_BLOCKS = YES;
				GCC_WARN_64_TO_32_BIT_CONVERSION = YES;
				GCC_WARN_ABOUT_RETURN_TYPE = YES_ERROR;
				GCC_WARN_UNDECLARED_SELECTOR = YES;
				GCC_WARN_UNINITIALIZED_AUTOS = YES_AGGRESSIVE;
				GCC_WARN_UNUSED_FUNCTION = YES;
				GCC_WARN_UNUSED_VARIABLE = YES;
				IPHONEOS_DEPLOYMENT_TARGET = 10.0;
				MTL_ENABLE_DEBUG_INFO = NO;
				SDKROOT = iphoneos;
				SWIFT_OPTIMIZATION_LEVEL = "-Owholemodule";
				VALIDATE_PRODUCT = YES;
			};
			name = Release;
		};
		6A412D4E1DE46D550068AA36 /* Debug */ = {
			isa = XCBuildConfiguration;
			buildSettings = {
				ASSETCATALOG_COMPILER_APPICON_NAME = AppIcon;
				CODE_SIGN_IDENTITY = "iPhone Distribution: Dealclan LLC";
				"CODE_SIGN_IDENTITY[sdk=iphoneos*]" = "iPhone Distribution: Dealclan LLC";
				INFOPLIST_FILE = ParalloxEffectSample/Info.plist;
				LD_RUNPATH_SEARCH_PATHS = "$(inherited) @executable_path/Frameworks";
				PRODUCT_BUNDLE_IDENTIFIER = com.ymedialabs.parallox;
				PRODUCT_NAME = "$(TARGET_NAME)";
				PROVISIONING_PROFILE = "52776e48-f404-4ecf-af42-bf4bd3ca7797";
				SWIFT_VERSION = 3.0;
			};
			name = Debug;
		};
		6A412D4F1DE46D550068AA36 /* Release */ = {
			isa = XCBuildConfiguration;
			buildSettings = {
				ASSETCATALOG_COMPILER_APPICON_NAME = AppIcon;
				CODE_SIGN_IDENTITY = "iPhone Distribution: Dealclan LLC";
				"CODE_SIGN_IDENTITY[sdk=*]" = "iPhone Distribution: Dealclan LLC";
				"CODE_SIGN_IDENTITY[sdk=iphoneos*]" = "iPhone Distribution: Dealclan LLC";
				INFOPLIST_FILE = ParalloxEffectSample/Info.plist;
				LD_RUNPATH_SEARCH_PATHS = "$(inherited) @executable_path/Frameworks";
				PRODUCT_BUNDLE_IDENTIFIER = com.ymedialabs.parallox;
				PRODUCT_NAME = "$(TARGET_NAME)";
				PROVISIONING_PROFILE = "52776e48-f404-4ecf-af42-bf4bd3ca7797";
				SWIFT_VERSION = 3.0;
			};
			name = Release;
		};
/* End XCBuildConfiguration section */

/* Begin XCConfigurationList section */
		6A412D361DE46D540068AA36 /* Build configuration list for PBXProject "ParalloxEffectSample" */ = {
			isa = XCConfigurationList;
			buildConfigurations = (
				6A412D4B1DE46D550068AA36 /* Debug */,
				6A412D4C1DE46D550068AA36 /* Release */,
			);
			defaultConfigurationIsVisible = 0;
			defaultConfigurationName = Release;
		};
		6A412D4D1DE46D550068AA36 /* Build configuration list for PBXNativeTarget "ParalloxEffectSample" */ = {
			isa = XCConfigurationList;
			buildConfigurations = (
				6A412D4E1DE46D550068AA36 /* Debug */,
				6A412D4F1DE46D550068AA36 /* Release */,
			);
			defaultConfigurationIsVisible = 0;
			defaultConfigurationName = Release;
		};
/* End XCConfigurationList section */
	};
	rootObject = 6A412D331DE46D540068AA36 /* Project object */;
}
